
Microsoft Visual Studio Solution File, Format Version 12.00
# Visual Studio 15
VisualStudioVersion = 15.0.26430.12
MinimumVisualStudioVersion = 10.0.40219.1
Project("{E24C65DC-7377-472B-9ABA-BC803B73C61A}") = "ORANGEPI_Website", "..\", "{952479D9-3F4A-4C8A-8A27-CD6BDF660EC8}"
	ProjectSection(WebsiteProperties) = preProject
		TargetFrameworkMoniker = ".NETFramework,Version%3Dv4.0"
		Debug.AspNetCompiler.VirtualPath = "/localhost_53835"
		Debug.AspNetCompiler.PhysicalPath = "..\..\ORANGEPI_Website\"
		Debug.AspNetCompiler.TargetPath = "PrecompiledWeb\localhost_53835\"
		Debug.AspNetCompiler.Updateable = "true"
		Debug.AspNetCompiler.ForceOverwrite = "true"
		Debug.AspNetCompiler.FixedNames = "false"
		Debug.AspNetCompiler.Debug = "True"
		Release.AspNetCompiler.VirtualPath = "/localhost_53835"
		Release.AspNetCompiler.PhysicalPath = "..\..\ORANGEPI_Website\"
		Release.AspNetCompiler.TargetPath = "PrecompiledWeb\localhost_53835\"
		Release.AspNetCompiler.Updateable = "true"
		Release.AspNetCompiler.ForceOverwrite = "true"
		Release.AspNetCompiler.FixedNames = "false"
		Release.AspNetCompiler.Debug = "False"
		VWDPort = "53835"
	EndProjectSection
EndProject
Global
	GlobalSection(SolutionConfigurationPlatforms) = preSolution
		Debug|Any CPU = Debug|Any CPU
	EndGlobalSection
	GlobalSection(ProjectConfigurationPlatforms) = postSolution
		{952479D9-3F4A-4C8A-8A27-CD6BDF660EC8}.Debug|Any CPU.ActiveCfg = Debug|Any CPU
		{952479D9-3F4A-4C8A-8A27-CD6BDF660EC8}.Debug|Any CPU.Build.0 = Debug|Any CPU
	EndGlobalSection
	GlobalSection(SolutionProperties) = preSolution
		HideSolutionNode = FALSE
	EndGlobalSection
EndGlobal
